
Microsoft Visual Studio Solution File, Format Version 12.00
# Visual Studio Version 16
VisualStudioVersion = 16.0.30804.86
MinimumVisualStudioVersion = 10.0.40219.1
Project("{FAE04EC0-301F-11D3-BF4B-00C04F79EFBC}") = "MessageBox", "MessageBox\MessageBox.csproj", "{444FB126-3807-4A2F-ACF4-D4A8C4C44E17}"
EndProject
Global
	GlobalSection(SolutionConfigurationPlatforms) = preSolution
		Debug|Any CPU = Debug|Any CPU
		Release|Any CPU = Release|Any CPU
	EndGlobalSection
	GlobalSection(ProjectConfigurationPlatforms) = postSolution
		{444FB126-3807-4A2F-ACF4-D4A8C4C44E17}.Debug|Any CPU.ActiveCfg = Debug|Any CPU
		{444FB126-3807-4A2F-ACF4-D4A8C4C44E17}.Debug|Any CPU.Build.0 = Debug|Any CPU
		{444FB126-3807-4A2F-ACF4-D4A8C4C44E17}.Release|Any CPU.ActiveCfg = Release|Any CPU
		{444FB126-3807-4A2F-ACF4-D4A8C4C44E17}.Release|Any CPU.Build.0 = Release|Any CPU
	EndGlobalSection
	GlobalSection(SolutionProperties) = preSolution
		HideSolutionNode = FALSE
	EndGlobalSection
	GlobalSection(ExtensibilityGlobals) = postSolution
		SolutionGuid = {72AA53B7-01D7-4EC2-A53B-EC0C79FA0DC3}
	EndGlobalSection
EndGlobal
